// !$*UTF8*$!
{
	archiveVersion = 1;
	classes = {
	};
	objectVersion = 46;
	objects = {

/* Begin PBXBuildFile section */
		E23507121D4BAFD6003159FB /* AppDelegate.swift in Sources */ = {isa = PBXBuildFile; fileRef = E23507111D4BAFD6003159FB /* AppDelegate.swift */; };
		E23507141D4BAFD6003159FB /* ViewController.swift in Sources */ = {isa = PBXBuildFile; fileRef = E23507131D4BAFD6003159FB /* ViewController.swift */; };
		E23507171D4BAFD6003159FB /* Main.storyboard in Resources */ = {isa = PBXBuildFile; fileRef = E23507151D4BAFD6003159FB /* Main.storyboard */; };
		E23507191D4BAFD6003159FB /* Assets.xcassets in Resources */ = {isa = PBXBuildFile; fileRef = E23507181D4BAFD6003159FB /* Assets.xcassets */; };
		E235071C1D4BAFD6003159FB /* LaunchScreen.storyboard in Resources */ = {isa = PBXBuildFile; fileRef = E235071A1D4BAFD6003159FB /* LaunchScreen.storyboard */; };
		E23507271D4BB35D003159FB /* Mapbox.framework in Frameworks */ = {isa = PBXBuildFile; fileRef = E23507261D4BB35D003159FB /* Mapbox.framework */; };
		E23507281D4BB35D003159FB /* Mapbox.framework in Embed Frameworks */ = {isa = PBXBuildFile; fileRef = E23507261D4BB35D003159FB /* Mapbox.framework */; settings = {ATTRIBUTES = (CodeSignOnCopy, RemoveHeadersOnCopy, ); }; };
/* End PBXBuildFile section */

/* Begin PBXCopyFilesBuildPhase section */
		E23507291D4BB35D003159FB /* Embed Frameworks */ = {
			isa = PBXCopyFilesBuildPhase;
			buildActionMask = 2147483647;
			dstPath = "";
			dstSubfolderSpec = 10;
			files = (
				E23507281D4BB35D003159FB /* Mapbox.framework in Embed Frameworks */,
			);
			name = "Embed Frameworks";
			runOnlyForDeploymentPostprocessing = 0;
		};
/* End PBXCopyFilesBuildPhase section */

/* Begin PBXFileReference section */
		E235070E1D4BAFD6003159FB /* My First GL App.app */ = {isa = PBXFileReference; explicitFileType = wrapper.application; includeInIndex = 0; path = "My First GL App.app"; sourceTree = BUILT_PRODUCTS_DIR; };
		E23507111D4BAFD6003159FB /* AppDelegate.swift */ = {isa = PBXFileReference; lastKnownFileType = sourcecode.swift; path = AppDelegate.swift; sourceTree = "<group>"; };
		E23507131D4BAFD6003159FB /* ViewController.swift */ = {isa = PBXFileReference; lastKnownFileType = sourcecode.swift; path = ViewController.swift; sourceTree = "<group>"; };
		E23507161D4BAFD6003159FB /* Base */ = {isa = PBXFileReference; lastKnownFileType = file.storyboard; name = Base; path = Base.lproj/Main.storyboard; sourceTree = "<group>"; };
		E23507181D4BAFD6003159FB /* Assets.xcassets */ = {isa = PBXFileReference; lastKnownFileType = folder.assetcatalog; path = Assets.xcassets; sourceTree = "<group>"; };
		E235071B1D4BAFD6003159FB /* Base */ = {isa = PBXFileReference; lastKnownFileType = file.storyboard; name = Base; path = Base.lproj/LaunchScreen.storyboard; sourceTree = "<group>"; };
		E235071D1D4BAFD6003159FB /* Info.plist */ = {isa = PBXFileReference; lastKnownFileType = text.plist.xml; path = Info.plist; sourceTree = "<group>"; };
		E23507261D4BB35D003159FB /* Mapbox.framework */ = {isa = PBXFileReference; lastKnownFileType = wrapper.framework; path = Mapbox.framework; sourceTree = "<group>"; };
/* End PBXFileReference section */

/* Begin PBXFrameworksBuildPhase section */
		E235070B1D4BAFD6003159FB /* Frameworks */ = {
			isa = PBXFrameworksBuildPhase;
			buildActionMask = 2147483647;
			files = (
				E23507271D4BB35D003159FB /* Mapbox.framework in Frameworks */,
			);
			runOnlyForDeploymentPostprocessing = 0;
		};
/* End PBXFrameworksBuildPhase section */

/* Begin PBXGroup section */
		E23507051D4BAFD5003159FB = {
			isa = PBXGroup;
			children = (
				E23507101D4BAFD6003159FB /* My First GL App */,
				E235070F1D4BAFD6003159FB /* Products */,
				E23507261D4BB35D003159FB /* Mapbox.framework */,
			);
			sourceTree = "<group>";
		};
		E235070F1D4BAFD6003159FB /* Products */ = {
			isa = PBXGroup;
			children = (
				E235070E1D4BAFD6003159FB /* My First GL App.app */,
			);
			name = Products;
			sourceTree = "<group>";
		};
		E23507101D4BAFD6003159FB /* My First GL App */ = {
			isa = PBXGroup;
			children = (
				E23507111D4BAFD6003159FB /* AppDelegate.swift */,
				E23507151D4BAFD6003159FB /* Main.storyboard */,
				E23507131D4BAFD6003159FB /* ViewController.swift */,
				E23507181D4BAFD6003159FB /* Assets.xcassets */,
				E235071A1D4BAFD6003159FB /* LaunchScreen.storyboard */,
				E235071D1D4BAFD6003159FB /* Info.plist */,
			);
			path = "My First GL App";
			sourceTree = "<group>";
		};
/* End PBXGroup section */

/* Begin PBXNativeTarget section */
		E235070D1D4BAFD6003159FB /* My First GL App */ = {
			isa = PBXNativeTarget;
			buildConfigurationList = E23507201D4BAFD6003159FB /* Build configuration list for PBXNativeTarget "My First GL App" */;
			buildPhases = (
				E235070A1D4BAFD6003159FB /* Sources */,
				E235070B1D4BAFD6003159FB /* Frameworks */,
				E235070C1D4BAFD6003159FB /* Resources */,
				E23507291D4BB35D003159FB /* Embed Frameworks */,
			);
			buildRules = (
			);
			dependencies = (
			);
			name = "My First GL App";
			productName = "My First GL App";
			productReference = E235070E1D4BAFD6003159FB /* My First GL App.app */;
			productType = "com.apple.product-type.application";
		};
/* End PBXNativeTarget section */

/* Begin PBXProject section */
		E23507061D4BAFD5003159FB /* Project object */ = {
			isa = PBXProject;
			attributes = {
				LastSwiftUpdateCheck = 0730;
				LastUpgradeCheck = 0730;
				ORGANIZATIONNAME = "Hartley Development";
				TargetAttributes = {
					E235070D1D4BAFD6003159FB = {
						CreatedOnToolsVersion = 7.3.1;
					};
				};
			};
			buildConfigurationList = E23507091D4BAFD5003159FB /* Build configuration list for PBXProject "My First GL App" */;
			compatibilityVersion = "Xcode 3.2";
			developmentRegion = English;
			hasScannedForEncodings = 0;
			knownRegions = (
				en,
				Base,
			);
			mainGroup = E23507051D4BAFD5003159FB;
			productRefGroup = E235070F1D4BAFD6003159FB /* Products */;
			projectDirPath = "";
			projectRoot = "";
			targets = (
				E235070D1D4BAFD6003159FB /* My First GL App */,
			);
		};
/* End PBXProject section */

/* Begin PBXResourcesBuildPhase section */
		E235070C1D4BAFD6003159FB /* Resources */ = {
			isa = PBXResourcesBuildPhase;
			buildActionMask = 2147483647;
			files = (
				E235071C1D4BAFD6003159FB /* LaunchScreen.storyboard in Resources */,
				E23507191D4BAFD6003159FB /* Assets.xcassets in Resources */,
				E23507171D4BAFD6003159FB /* Main.storyboard in Resources */,
			);
			runOnlyForDeploymentPostprocessing = 0;
		};
/* End PBXResourcesBuildPhase section */

/* Begin PBXSourcesBuildPhase section */
		E235070A1D4BAFD6003159FB /* Sources */ = {
			isa = PBXSourcesBuildPhase;
			buildActionMask = 2147483647;
			files = (
				E23507141D4BAFD6003159FB /* ViewController.swift in Sources */,
				E23507121D4BAFD6003159FB /* AppDelegate.swift in Sources */,
			);
			runOnlyForDeploymentPostprocessing = 0;
		};
/* End PBXSourcesBuildPhase section */

/* Begin PBXVariantGroup section */
		E23507151D4BAFD6003159FB /* Main.storyboard */ = {
			isa = PBXVariantGroup;
			children = (
				E23507161D4BAFD6003159FB /* Base */,
			);
			name = Main.storyboard;
			sourceTree = "<group>";
		};
		E235071A1D4BAFD6003159FB /* LaunchScreen.storyboard */ = {
			isa = PBXVariantGroup;
			children = (
				E235071B1D4BAFD6003159FB /* Base */,
			);
			name = LaunchScreen.storyboard;
			sourceTree = "<group>";
		};
/* End PBXVariantGroup section */

/* Begin XCBuildConfiguration section */
		E235071E1D4BAFD6003159FB /* Debug */ = {
			isa = XCBuildConfiguration;
			buildSettings = {
				ALWAYS_SEARCH_USER_PATHS = NO;
				CLANG_ANALYZER_NONNULL = YES;
				CLANG_CXX_LANGUAGE_STANDARD = "gnu++0x";
				CLANG_CXX_LIBRARY = "libc++";
				CLANG_ENABLE_MODULES = YES;
				CLANG_ENABLE_OBJC_ARC = YES;
				CLANG_WARN_BOOL_CONVERSION = YES;
				CLANG_WARN_CONSTANT_CONVERSION = YES;
				CLANG_WARN_DIRECT_OBJC_ISA_USAGE = YES_ERROR;
				CLANG_WARN_EMPTY_BODY = YES;
				CLANG_WARN_ENUM_CONVERSION = YES;
				CLANG_WARN_INT_CONVERSION = YES;
				CLANG_WARN_OBJC_ROOT_CLASS = YES_ERROR;
				CLANG_WARN_UNREACHABLE_CODE = YES;
				CLANG_WARN__DUPLICATE_METHOD_MATCH = YES;
				"CODE_SIGN_IDENTITY[sdk=iphoneos*]" = "iPhone Developer";
				COPY_PHASE_STRIP = NO;
				DEBUG_INFORMATION_FORMAT = dwarf;
				ENABLE_STRICT_OBJC_MSGSEND = YES;
				ENABLE_TESTABILITY = YES;
				GCC_C_LANGUAGE_STANDARD = gnu99;
				GCC_DYNAMIC_NO_PIC = NO;
				GCC_NO_COMMON_BLOCKS = YES;
				GCC_OPTIMIZATION_LEVEL = 0;
				GCC_PREPROCESSOR_DEFINITIONS = (
					"DEBUG=1",
					"$(inherited)",
				);
				GCC_WARN_64_TO_32_BIT_CONVERSION = YES;
				GCC_WARN_ABOUT_RETURN_TYPE = YES_ERROR;
				GCC_WARN_UNDECLARED_SELECTOR = YES;
				GCC_WARN_UNINITIALIZED_AUTOS = YES_AGGRESSIVE;
				GCC_WARN_UNUSED_FUNCTION = YES;
				GCC_WARN_UNUSED_VARIABLE = YES;
				IPHONEOS_DEPLOYMENT_TARGET = 9.3;
				MTL_ENABLE_DEBUG_INFO = YES;
				ONLY_ACTIVE_ARCH = YES;
				SDKROOT = iphoneos;
				SWIFT_OPTIMIZATION_LEVEL = "-Onone";
			};
			name = Debug;
		};
		E235071F1D4BAFD6003159FB /* Release */ = {
			isa = XCBuildConfiguration;
			buildSettings = {
				ALWAYS_SEARCH_USER_PATHS = NO;
				CLANG_ANALYZER_NONNULL = YES;
				CLANG_CXX_LANGUAGE_STANDARD = "gnu++0x";
				CLANG_CXX_LIBRARY = "libc++";
				CLANG_ENABLE_MODULES = YES;
				CLANG_ENABLE_OBJC_ARC = YES;
				CLANG_WARN_BOOL_CONVERSION = YES;
				CLANG_WARN_CONSTANT_CONVERSION = YES;
				CLANG_WARN_DIRECT_OBJC_ISA_USAGE = YES_ERROR;
				CLANG_WARN_EMPTY_BODY = YES;
				CLANG_WARN_ENUM_CONVERSION = YES;
				CLANG_WARN_INT_CONVERSION = YES;
				CLANG_WARN_OBJC_ROOT_CLASS = YES_ERROR;
				CLANG_WARN_UNREACHABLE_CODE = YES;
				CLANG_WARN__DUPLICATE_METHOD_MATCH = YES;
				"CODE_SIGN_IDENTITY[sdk=iphoneos*]" = "iPhone Developer";
				COPY_PHASE_STRIP = NO;
				DEBUG_INFORMATION_FORMAT = "dwarf-with-dsym";
				ENABLE_NS_ASSERTIONS = NO;
				ENABLE_STRICT_OBJC_MSGSEND = YES;
				GCC_C_LANGUAGE_STANDARD = gnu99;
				GCC_NO_COMMON_BLOCKS = YES;
				GCC_WARN_64_TO_32_BIT_CONVERSION = YES;
				GCC_WARN_ABOUT_RETURN_TYPE = YES_ERROR;
				GCC_WARN_UNDECLARED_SELECTOR = YES;
				GCC_WARN_UNINITIALIZED_AUTOS = YES_AGGRESSIVE;
				GCC_WARN_UNUSED_FUNCTION = YES;
				GCC_WARN_UNUSED_VARIABLE = YES;
				IPHONEOS_DEPLOYMENT_TARGET = 9.3;
				MTL_ENABLE_DEBUG_INFO = NO;
				SDKROOT = iphoneos;
				VALIDATE_PRODUCT = YES;
			};
			name = Release;
		};
		E23507211D4BAFD6003159FB /* Debug */ = {
			isa = XCBuildConfiguration;
			buildSettings = {
				ASSETCATALOG_COMPILER_APPICON_NAME = AppIcon;
				FRAMEWORK_SEARCH_PATHS = (
					"$(inherited)",
					"$(PROJECT_DIR)",
				);
				INFOPLIST_FILE = "My First GL App/Info.plist";
				LD_RUNPATH_SEARCH_PATHS = "$(inherited) @executable_path/Frameworks";
				PRODUCT_BUNDLE_IDENTIFIER = "com.example.My-First-GL-App";
				PRODUCT_NAME = "$(TARGET_NAME)";
			};
			name = Debug;
		};
		E23507221D4BAFD6003159FB /* Release */ = {
			isa = XCBuildConfiguration;
			buildSettings = {
				ASSETCATALOG_COMPILER_APPICON_NAME = AppIcon;
				FRAMEWORK_SEARCH_PATHS = (
					"$(inherited)",
					"$(PROJECT_DIR)",
				);
				INFOPLIST_FILE = "My First GL App/Info.plist";
				LD_RUNPATH_SEARCH_PATHS = "$(inherited) @executable_path/Frameworks";
				PRODUCT_BUNDLE_IDENTIFIER = "com.example.My-First-GL-App";
				PRODUCT_NAME = "$(TARGET_NAME)";
			};
			name = Release;
		};
/* End XCBuildConfiguration section */

/* Begin XCConfigurationList section */
		E23507091D4BAFD5003159FB /* Build configuration list for PBXProject "My First GL App" */ = {
			isa = XCConfigurationList;
			buildConfigurations = (
				E235071E1D4BAFD6003159FB /* Debug */,
				E235071F1D4BAFD6003159FB /* Release */,
			);
			defaultConfigurationIsVisible = 0;
			defaultConfigurationName = Release;
		};
		E23507201D4BAFD6003159FB /* Build configuration list for PBXNativeTarget "My First GL App" */ = {
			isa = XCConfigurationList;
			buildConfigurations = (
				E23507211D4BAFD6003159FB /* Debug */,
				E23507221D4BAFD6003159FB /* Release */,
			);
			defaultConfigurationIsVisible = 0;
		};
/* End XCConfigurationList section */
	};
	rootObject = E23507061D4BAFD5003159FB /* Project object */;
}
